
Microsoft Visual Studio Solution File, Format Version 12.00
# Visual Studio 15
VisualStudioVersion = 15.0.26124.0
MinimumVisualStudioVersion = 15.0.26124.0
Project("{FAE04EC0-301F-11D3-BF4B-00C04F79EFBC}") = "SicarioPatch.Core", "SicarioPatch.Core\SicarioPatch.Core.csproj", "{13E2D250-91F5-440D-B777-C32459E6BC40}"
EndProject
Project("{FAE04EC0-301F-11D3-BF4B-00C04F79EFBC}") = "SicarioPatch.App", "SicarioPatch.App\SicarioPatch.App.csproj", "{A0FCB595-1389-4EEC-9F59-76030F4401AA}"
EndProject
Project("{FAE04EC0-301F-11D3-BF4B-00C04F79EFBC}") = "SicarioPatch.Templating", "SicarioPatch.Templating\SicarioPatch.Templating.csproj", "{00A77BD1-AEDF-41D7-A571-E7735920DB4A}"
EndProject
Project("{FAE04EC0-301F-11D3-BF4B-00C04F79EFBC}") = "SicarioPatch.Assets", "SicarioPatch.Assets\SicarioPatch.Assets.csproj", "{ADAD8900-C85F-4D70-8AB9-A3BEB6DCCED0}"
EndProject
Project("{FAE04EC0-301F-11D3-BF4B-00C04F79EFBC}") = "SicarioPatch.Integration", "SicarioPatch.Integration\SicarioPatch.Integration.csproj", "{1CA13E28-7DAE-426E-AB97-C5DCD53D1413}"
EndProject
Project("{FAE04EC0-301F-11D3-BF4B-00C04F79EFBC}") = "SicarioPatch.Components", "SicarioPatch.Components\SicarioPatch.Components.csproj", "{49681411-0561-4B99-BB13-708D0F666C18}"
EndProject
Global
	GlobalSection(SolutionConfigurationPlatforms) = preSolution
		Debug|Any CPU = Debug|Any CPU
		Debug|x64 = Debug|x64
		Debug|x86 = Debug|x86
		Release|Any CPU = Release|Any CPU
		Release|x64 = Release|x64
		Release|x86 = Release|x86
	EndGlobalSection
	GlobalSection(SolutionProperties) = preSolution
		HideSolutionNode = FALSE
	EndGlobalSection
	GlobalSection(ProjectConfigurationPlatforms) = postSolution
		{13E2D250-91F5-440D-B777-C32459E6BC40}.Debug|Any CPU.ActiveCfg = Debug|Any CPU
		{13E2D250-91F5-440D-B777-C32459E6BC40}.Debug|Any CPU.Build.0 = Debug|Any CPU
		{13E2D250-91F5-440D-B777-C32459E6BC40}.Debug|x64.ActiveCfg = Debug|Any CPU
		{13E2D250-91F5-440D-B777-C32459E6BC40}.Debug|x64.Build.0 = Debug|Any CPU
		{13E2D250-91F5-440D-B777-C32459E6BC40}.Debug|x86.ActiveCfg = Debug|Any CPU
		{13E2D250-91F5-440D-B777-C32459E6BC40}.Debug|x86.Build.0 = Debug|Any CPU
		{13E2D250-91F5-440D-B777-C32459E6BC40}.Release|Any CPU.ActiveCfg = Release|Any CPU
		{13E2D250-91F5-440D-B777-C32459E6BC40}.Release|Any CPU.Build.0 = Release|Any CPU
		{13E2D250-91F5-440D-B777-C32459E6BC40}.Release|x64.ActiveCfg = Release|Any CPU
		{13E2D250-91F5-440D-B777-C32459E6BC40}.Release|x64.Build.0 = Release|Any CPU
		{13E2D250-91F5-440D-B777-C32459E6BC40}.Release|x86.ActiveCfg = Release|Any CPU
		{13E2D250-91F5-440D-B777-C32459E6BC40}.Release|x86.Build.0 = Release|Any CPU
		{A0FCB595-1389-4EEC-9F59-76030F4401AA}.Debug|Any CPU.ActiveCfg = Debug|Any CPU
		{A0FCB595-1389-4EEC-9F59-76030F4401AA}.Debug|Any CPU.Build.0 = Debug|Any CPU
		{A0FCB595-1389-4EEC-9F59-76030F4401AA}.Debug|x64.ActiveCfg = Debug|Any CPU
		{A0FCB595-1389-4EEC-9F59-76030F4401AA}.Debug|x64.Build.0 = Debug|Any CPU
		{A0FCB595-1389-4EEC-9F59-76030F4401AA}.Debug|x86.ActiveCfg = Debug|Any CPU
		{A0FCB595-1389-4EEC-9F59-76030F4401AA}.Debug|x86.Build.0 = Debug|Any CPU
		{A0FCB595-1389-4EEC-9F59-76030F4401AA}.Release|Any CPU.ActiveCfg = Release|Any CPU
		{A0FCB595-1389-4EEC-9F59-76030F4401AA}.Release|Any CPU.Build.0 = Release|Any CPU
		{A0FCB595-1389-4EEC-9F59-76030F4401AA}.Release|x64.ActiveCfg = Release|Any CPU
		{A0FCB595-1389-4EEC-9F59-76030F4401AA}.Release|x64.Build.0 = Release|Any CPU
		{A0FCB595-1389-4EEC-9F59-76030F4401AA}.Release|x86.ActiveCfg = Release|Any CPU
		{A0FCB595-1389-4EEC-9F59-76030F4401AA}.Release|x86.Build.0 = Release|Any CPU
		{00A77BD1-AEDF-41D7-A571-E7735920DB4A}.Debug|Any CPU.ActiveCfg = Debug|Any CPU
		{00A77BD1-AEDF-41D7-A571-E7735920DB4A}.Debug|Any CPU.Build.0 = Debug|Any CPU
		{00A77BD1-AEDF-41D7-A571-E7735920DB4A}.Debug|x64.ActiveCfg = Debug|Any CPU
		{00A77BD1-AEDF-41D7-A571-E7735920DB4A}.Debug|x64.Build.0 = Debug|Any CPU
		{00A77BD1-AEDF-41D7-A571-E7735920DB4A}.Debug|x86.ActiveCfg = Debug|Any CPU
		{00A77BD1-AEDF-41D7-A571-E7735920DB4A}.Debug|x86.Build.0 = Debug|Any CPU
		{00A77BD1-AEDF-41D7-A571-E7735920DB4A}.Release|Any CPU.ActiveCfg = Release|Any CPU
		{00A77BD1-AEDF-41D7-A571-E7735920DB4A}.Release|Any CPU.Build.0 = Release|Any CPU
		{00A77BD1-AEDF-41D7-A571-E7735920DB4A}.Release|x64.ActiveCfg = Release|Any CPU
		{00A77BD1-AEDF-41D7-A571-E7735920DB4A}.Release|x64.Build.0 = Release|Any CPU
		{00A77BD1-AEDF-41D7-A571-E7735920DB4A}.Release|x86.ActiveCfg = Release|Any CPU
		{00A77BD1-AEDF-41D7-A571-E7735920DB4A}.Release|x86.Build.0 = Release|Any CPU
		{ADAD8900-C85F-4D70-8AB9-A3BEB6DCCED0}.Debug|Any CPU.ActiveCfg = Debug|Any CPU
		{ADAD8900-C85F-4D70-8AB9-A3BEB6DCCED0}.Debug|Any CPU.Build.0 = Debug|Any CPU
		{ADAD8900-C85F-4D70-8AB9-A3BEB6DCCED0}.Debug|x64.ActiveCfg = Debug|Any CPU
		{ADAD8900-C85F-4D70-8AB9-A3BEB6DCCED0}.Debug|x64.Build.0 = Debug|Any CPU
		{ADAD8900-C85F-4D70-8AB9-A3BEB6DCCED0}.Debug|x86.ActiveCfg = Debug|Any CPU
		{ADAD8900-C85F-4D70-8AB9-A3BEB6DCCED0}.Debug|x86.Build.0 = Debug|Any CPU
		{ADAD8900-C85F-4D70-8AB9-A3BEB6DCCED0}.Release|Any CPU.ActiveCfg = Release|Any CPU
		{ADAD8900-C85F-4D70-8AB9-A3BEB6DCCED0}.Release|Any CPU.Build.0 = Release|Any CPU
		{ADAD8900-C85F-4D70-8AB9-A3BEB6DCCED0}.Release|x64.ActiveCfg = Release|Any CPU
		{ADAD8900-C85F-4D70-8AB9-A3BEB6DCCED0}.Release|x64.Build.0 = Release|Any CPU
		{ADAD8900-C85F-4D70-8AB9-A3BEB6DCCED0}.Release|x86.ActiveCfg = Release|Any CPU
		{ADAD8900-C85F-4D70-8AB9-A3BEB6DCCED0}.Release|x86.Build.0 = Release|Any CPU
		{1CA13E28-7DAE-426E-AB97-C5DCD53D1413}.Debug|Any CPU.ActiveCfg = Debug|Any CPU
		{1CA13E28-7DAE-426E-AB97-C5DCD53D1413}.Debug|Any CPU.Build.0 = Debug|Any CPU
		{1CA13E28-7DAE-426E-AB97-C5DCD53D1413}.Debug|x64.ActiveCfg = Debug|Any CPU
		{1CA13E28-7DAE-426E-AB97-C5DCD53D1413}.Debug|x64.Build.0 = Debug|Any CPU
		{1CA13E28-7DAE-426E-AB97-C5DCD53D1413}.Debug|x86.ActiveCfg = Debug|Any CPU
		{1CA13E28-7DAE-426E-AB97-C5DCD53D1413}.Debug|x86.Build.0 = Debug|Any CPU
		{1CA13E28-7DAE-426E-AB97-C5DCD53D1413}.Release|Any CPU.ActiveCfg = Release|Any CPU
		{1CA13E28-7DAE-426E-AB97-C5DCD53D1413}.Release|Any CPU.Build.0 = Release|Any CPU
		{1CA13E28-7DAE-426E-AB97-C5DCD53D1413}.Release|x64.ActiveCfg = Release|Any CPU
		{1CA13E28-7DAE-426E-AB97-C5DCD53D1413}.Release|x64.Build.0 = Release|Any CPU
		{1CA13E28-7DAE-426E-AB97-C5DCD53D1413}.Release|x86.ActiveCfg = Release|Any CPU
		{1CA13E28-7DAE-426E-AB97-C5DCD53D1413}.Release|x86.Build.0 = Release|Any CPU
		{49681411-0561-4B99-BB13-708D0F666C18}.Debug|Any CPU.ActiveCfg = Debug|Any CPU
		{49681411-0561-4B99-BB13-708D0F666C18}.Debug|Any CPU.Build.0 = Debug|Any CPU
		{49681411-0561-4B99-BB13-708D0F666C18}.Debug|x64.ActiveCfg = Debug|Any CPU
		{49681411-0561-4B99-BB13-708D0F666C18}.Debug|x64.Build.0 = Debug|Any CPU
		{49681411-0561-4B99-BB13-708D0F666C18}.Debug|x86.ActiveCfg = Debug|Any CPU
		{49681411-0561-4B99-BB13-708D0F666C18}.Debug|x86.Build.0 = Debug|Any CPU
		{49681411-0561-4B99-BB13-708D0F666C18}.Release|Any CPU.ActiveCfg = Release|Any CPU
		{49681411-0561-4B99-BB13-708D0F666C18}.Release|Any CPU.Build.0 = Release|Any CPU
		{49681411-0561-4B99-BB13-708D0F666C18}.Release|x64.ActiveCfg = Release|Any CPU
		{49681411-0561-4B99-BB13-708D0F666C18}.Release|x64.Build.0 = Release|Any CPU
		{49681411-0561-4B99-BB13-708D0F666C18}.Release|x86.ActiveCfg = Release|Any CPU
		{49681411-0561-4B99-BB13-708D0F666C18}.Release|x86.Build.0 = Release|Any CPU
	EndGlobalSection
EndGlobal
